
Microsoft Visual Studio Solution File, Format Version 12.00
# Visual Studio Version 16
VisualStudioVersion = 16.0.29306.81
MinimumVisualStudioVersion = 10.0.40219.1
Project("{FAE04EC0-301F-11D3-BF4B-00C04F79EFBC}") = "HangarStoreMod", "HangarStoreMod.csproj", "{AC9B5B5D-5CBE-4535-ACBF-BB0D6F1E6204}"
EndProject
Global
	GlobalSection(SolutionConfigurationPlatforms) = preSolution
		Debug|Any CPU = Debug|Any CPU
		Release|Any CPU = Release|Any CPU
	EndGlobalSection
	GlobalSection(ProjectConfigurationPlatforms) = postSolution
		{AC9B5B5D-5CBE-4535-ACBF-BB0D6F1E6204}.Debug|Any CPU.ActiveCfg = Debug|Any CPU
		{AC9B5B5D-5CBE-4535-ACBF-BB0D6F1E6204}.Debug|Any CPU.Build.0 = Debug|Any CPU
		{AC9B5B5D-5CBE-4535-ACBF-BB0D6F1E6204}.Release|Any CPU.ActiveCfg = Release|Any CPU
		{AC9B5B5D-5CBE-4535-ACBF-BB0D6F1E6204}.Release|Any CPU.Build.0 = Release|Any CPU
	EndGlobalSection
	GlobalSection(SolutionProperties) = preSolution
		HideSolutionNode = FALSE
	EndGlobalSection
	GlobalSection(ExtensibilityGlobals) = postSolution
		SolutionGuid = {946E004B-3CBC-44D3-A2CD-66A4484623F1}
	EndGlobalSection
EndGlobal
